
Microsoft Visual Studio Solution File, Format Version 12.00
# Visual Studio Version 16
VisualStudioVersion = 16.0.29411.108
MinimumVisualStudioVersion = 10.0.40219.1
Project("{FAE04EC0-301F-11D3-BF4B-00C04F79EFBC}") = "HockeyData.Program", "HockeyData.Program\HockeyData.Program.csproj", "{C3AD361D-B055-4BAB-BA30-A2D7C0A9B73E}"
EndProject
Project("{FAE04EC0-301F-11D3-BF4B-00C04F79EFBC}") = "HockeyData.Model", "HockeyData.Model\HockeyData.Model.csproj", "{F6061664-3F19-4588-850C-1E8F17C311D8}"
EndProject
Project("{FAE04EC0-301F-11D3-BF4B-00C04F79EFBC}") = "HockeyData.Processors", "HockeyData.Processors\HockeyData.Processors.csproj", "{3A90FACE-B13F-4B92-AB97-1020C88D2226}"
EndProject
Global
	GlobalSection(SolutionConfigurationPlatforms) = preSolution
		Debug|Any CPU = Debug|Any CPU
		Release|Any CPU = Release|Any CPU
	EndGlobalSection
	GlobalSection(ProjectConfigurationPlatforms) = postSolution
		{C3AD361D-B055-4BAB-BA30-A2D7C0A9B73E}.Debug|Any CPU.ActiveCfg = Debug|Any CPU
		{C3AD361D-B055-4BAB-BA30-A2D7C0A9B73E}.Debug|Any CPU.Build.0 = Debug|Any CPU
		{C3AD361D-B055-4BAB-BA30-A2D7C0A9B73E}.Release|Any CPU.ActiveCfg = Release|Any CPU
		{C3AD361D-B055-4BAB-BA30-A2D7C0A9B73E}.Release|Any CPU.Build.0 = Release|Any CPU
		{F6061664-3F19-4588-850C-1E8F17C311D8}.Debug|Any CPU.ActiveCfg = Debug|Any CPU
		{F6061664-3F19-4588-850C-1E8F17C311D8}.Debug|Any CPU.Build.0 = Debug|Any CPU
		{F6061664-3F19-4588-850C-1E8F17C311D8}.Release|Any CPU.ActiveCfg = Release|Any CPU
		{F6061664-3F19-4588-850C-1E8F17C311D8}.Release|Any CPU.Build.0 = Release|Any CPU
		{3A90FACE-B13F-4B92-AB97-1020C88D2226}.Debug|Any CPU.ActiveCfg = Debug|Any CPU
		{3A90FACE-B13F-4B92-AB97-1020C88D2226}.Debug|Any CPU.Build.0 = Debug|Any CPU
		{3A90FACE-B13F-4B92-AB97-1020C88D2226}.Release|Any CPU.ActiveCfg = Release|Any CPU
		{3A90FACE-B13F-4B92-AB97-1020C88D2226}.Release|Any CPU.Build.0 = Release|Any CPU
	EndGlobalSection
	GlobalSection(SolutionProperties) = preSolution
		HideSolutionNode = FALSE
	EndGlobalSection
	GlobalSection(ExtensibilityGlobals) = postSolution
		SolutionGuid = {92340CF4-BD87-4BB1-997B-895528E9DC29}
	EndGlobalSection
EndGlobal
